Microsoft Visual Studio Solution File, Format Version 8.00
Project("{8BC9CEB8-8B4A-11D0-8D11-00A0C91BC942}") = "Core", "Core.vcproj", "{A9E58B03-3A1B-4F52-9BC8-2376A2D6CAF5}"
	ProjectSection(ProjectDependencies) = postProject
	EndProjectSection
EndProject
Project("{8BC9CEB8-8B4A-11D0-8D11-00A0C91BC942}") = "Persistance", "Persistance.vcproj", "{16C4D29E-6206-48AF-AE0E-E413B563CE75}"
	ProjectSection(ProjectDependencies) = postProject
	EndProjectSection
EndProject
Project("{8BC9CEB8-8B4A-11D0-8D11-00A0C91BC942}") = "SeedSearcher", "SeedSearcher.vcproj", "{3071C567-8503-473B-A530-6D93E43B1809}"
	ProjectSection(ProjectDependencies) = postProject
		{A9E58B03-3A1B-4F52-9BC8-2376A2D6CAF5} = {A9E58B03-3A1B-4F52-9BC8-2376A2D6CAF5}
		{80D22A42-7429-4BA2-8136-0AF6FADBEB11} = {80D22A42-7429-4BA2-8136-0AF6FADBEB11}
		{16C4D29E-6206-48AF-AE0E-E413B563CE75} = {16C4D29E-6206-48AF-AE0E-E413B563CE75}
	EndProjectSection
EndProject
Project("{8BC9CEB8-8B4A-11D0-8D11-00A0C91BC942}") = "SeedSearcherCore", "SeedSearcherCore.vcproj", "{80D22A42-7429-4BA2-8136-0AF6FADBEB11}"
	ProjectSection(ProjectDependencies) = postProject
	EndProjectSection
EndProject
Global
	GlobalSection(SourceCodeControl) = preSolution
		SccNumberOfProjects = 5
		SccProjectName0 = \u0022$/SeedSearcher\u0022,\u0020ECAAAAAA
		SccLocalPath0 = ..
		SccProvider0 = MSSCCI:Microsoft\u0020Visual\u0020SourceSafe
		CanCheckoutShared = false
		SccProjectFilePathRelativizedFromConnection0 = VC.NET\\
		SolutionUniqueID = {565832E6-16DF-4638-AFBD-4B5909BF0212}
		SccProjectUniqueName1 = Core.vcproj
		SccLocalPath1 = ..
		CanCheckoutShared = false
		SccProjectFilePathRelativizedFromConnection1 = vc.net\\
		SccProjectUniqueName2 = Persistance.vcproj
		SccLocalPath2 = ..
		CanCheckoutShared = false
		SccProjectFilePathRelativizedFromConnection2 = vc.net\\
		SccProjectUniqueName3 = SeedSearcher.vcproj
		SccLocalPath3 = ..
		CanCheckoutShared = false
		SccProjectFilePathRelativizedFromConnection3 = vc.net\\
		SccProjectUniqueName4 = SeedSearcherCore.vcproj
		SccLocalPath4 = ..
		CanCheckoutShared = false
		SccProjectFilePathRelativizedFromConnection4 = vc.net\\
	EndGlobalSection
	GlobalSection(SolutionConfiguration) = preSolution
		Debug = Debug
		Release = Release
	EndGlobalSection
	GlobalSection(ProjectConfiguration) = postSolution
		{A9E58B03-3A1B-4F52-9BC8-2376A2D6CAF5}.Debug.ActiveCfg = Debug|Win32
		{A9E58B03-3A1B-4F52-9BC8-2376A2D6CAF5}.Debug.Build.0 = Debug|Win32
		{A9E58B03-3A1B-4F52-9BC8-2376A2D6CAF5}.Release.ActiveCfg = Release|Win32
		{A9E58B03-3A1B-4F52-9BC8-2376A2D6CAF5}.Release.Build.0 = Release|Win32
		{16C4D29E-6206-48AF-AE0E-E413B563CE75}.Debug.ActiveCfg = Debug|Win32
		{16C4D29E-6206-48AF-AE0E-E413B563CE75}.Debug.Build.0 = Debug|Win32
		{16C4D29E-6206-48AF-AE0E-E413B563CE75}.Release.ActiveCfg = Release|Win32
		{16C4D29E-6206-48AF-AE0E-E413B563CE75}.Release.Build.0 = Release|Win32
		{3071C567-8503-473B-A530-6D93E43B1809}.Debug.ActiveCfg = Debug|Win32
		{3071C567-8503-473B-A530-6D93E43B1809}.Debug.Build.0 = Debug|Win32
		{3071C567-8503-473B-A530-6D93E43B1809}.Release.ActiveCfg = Release|Win32
		{3071C567-8503-473B-A530-6D93E43B1809}.Release.Build.0 = Release|Win32
		{80D22A42-7429-4BA2-8136-0AF6FADBEB11}.Debug.ActiveCfg = Debug|Win32
		{80D22A42-7429-4BA2-8136-0AF6FADBEB11}.Debug.Build.0 = Debug|Win32
		{80D22A42-7429-4BA2-8136-0AF6FADBEB11}.Release.ActiveCfg = Release|Win32
		{80D22A42-7429-4BA2-8136-0AF6FADBEB11}.Release.Build.0 = Release|Win32
	EndGlobalSection
	GlobalSection(ExtensibilityGlobals) = postSolution
	EndGlobalSection
	GlobalSection(ExtensibilityAddIns) = postSolution
	EndGlobalSection
EndGlobal
