
Microsoft Visual Studio Solution File, Format Version 9.00
# Visual Studio 2005
Project("{8BC9CEB8-8B4A-11D0-8D11-00A0C91BC942}") = "Core", "..\engine\src\vc.net\Core.vs8.vcproj", "{A9E58B03-3A1B-4F52-9BC8-2376A2D6CAF5}"
EndProject
Project("{8BC9CEB8-8B4A-11D0-8D11-00A0C91BC942}") = "Persistance", "..\engine\src\vc.net\Persistance.vs8.vcproj", "{16C4D29E-6206-48AF-AE0E-E413B563CE75}"
	ProjectSection(ProjectDependencies) = postProject
		{A9E58B03-3A1B-4F52-9BC8-2376A2D6CAF5} = {A9E58B03-3A1B-4F52-9BC8-2376A2D6CAF5}
	EndProjectSection
EndProject
Project("{8BC9CEB8-8B4A-11D0-8D11-00A0C91BC942}") = "SeedSearcher", "..\engine\src\vc.net\SeedSearcher.vs8.vcproj", "{3071C567-8503-473B-A530-6D93E43B1809}"
	ProjectSection(ProjectDependencies) = postProject
		{A9E58B03-3A1B-4F52-9BC8-2376A2D6CAF5} = {A9E58B03-3A1B-4F52-9BC8-2376A2D6CAF5}
		{80D22A42-7429-4BA2-8136-0AF6FADBEB11} = {80D22A42-7429-4BA2-8136-0AF6FADBEB11}
		{16C4D29E-6206-48AF-AE0E-E413B563CE75} = {16C4D29E-6206-48AF-AE0E-E413B563CE75}
	EndProjectSection
EndProject
Project("{8BC9CEB8-8B4A-11D0-8D11-00A0C91BC942}") = "SeedSearcherCore", "..\engine\src\vc.net\SeedSearcherCore.vs8.vcproj", "{80D22A42-7429-4BA2-8136-0AF6FADBEB11}"
	ProjectSection(ProjectDependencies) = postProject
		{A9E58B03-3A1B-4F52-9BC8-2376A2D6CAF5} = {A9E58B03-3A1B-4F52-9BC8-2376A2D6CAF5}
		{16C4D29E-6206-48AF-AE0E-E413B563CE75} = {16C4D29E-6206-48AF-AE0E-E413B563CE75}
	EndProjectSection
EndProject
Project("{8BC9CEB8-8B4A-11D0-8D11-00A0C91BC942}") = "UnitTests", "..\engine\src\vc.net\UnitTests.vs8.vcproj", "{E9BDC8BD-E4FD-4CD2-B855-9C997E13DEB5}"
	ProjectSection(ProjectDependencies) = postProject
		{A9E58B03-3A1B-4F52-9BC8-2376A2D6CAF5} = {A9E58B03-3A1B-4F52-9BC8-2376A2D6CAF5}
		{80D22A42-7429-4BA2-8136-0AF6FADBEB11} = {80D22A42-7429-4BA2-8136-0AF6FADBEB11}
		{16C4D29E-6206-48AF-AE0E-E413B563CE75} = {16C4D29E-6206-48AF-AE0E-E413B563CE75}
	EndProjectSection
EndProject
Project("{2150E333-8FDC-42A3-9474-1A3956D46DE8}") = "Engine", "Engine", "{350E10F6-E400-4EC8-9A53-37445B35B29A}"
EndProject
Project("{FAE04EC0-301F-11D3-BF4B-00C04F79EFBC}") = "SNAP.Core", "Core\SNAP.Core.csproj", "{A37E3B59-8BA4-4B6E-BB3B-EC0CCF9F1150}"
EndProject
Project("{FAE04EC0-301F-11D3-BF4B-00C04F79EFBC}") = "SNAP.ResourceFields", "ResourceFields\SNAP.ResourceFields.csproj", "{F6A52450-297C-40BE-90F7-C7B12AF9ACF4}"
EndProject
Project("{FAE04EC0-301F-11D3-BF4B-00C04F79EFBC}") = "SNAP", "Shell\SNAP.csproj", "{574B2476-968D-4A85-BC84-B0A18591B0BC}"
EndProject
Project("{FAE04EC0-301F-11D3-BF4B-00C04F79EFBC}") = "SNAP.ConfEditor", "ConfEditor\SNAP.ConfEditor.csproj", "{E60FDC1B-CC56-43F8-9517-C7FB77F42F0A}"
	ProjectSection(ProjectDependencies) = postProject
		{281B31C5-D8D5-4B9D-B6A4-6B2A5B769A16} = {281B31C5-D8D5-4B9D-B6A4-6B2A5B769A16}
	EndProjectSection
EndProject
Project("{8BC9CEB8-8B4A-11D0-8D11-00A0C91BC942}") = "SNAP.EngineWrapper", "EngineWrapper\EngineWrapper.vcproj", "{281B31C5-D8D5-4B9D-B6A4-6B2A5B769A16}"
EndProject
Project("{FAE04EC0-301F-11D3-BF4B-00C04F79EFBC}") = "SNAP.Util", "SNAP.Util\SNAP.Util.csproj", "{00616E92-3691-4A53-A7AF-58E81890E7F6}"
EndProject
Project("{FAE04EC0-301F-11D3-BF4B-00C04F79EFBC}") = "SNAP.ConfEditor.Controls", "SNAP.ConfEditor.Controls\SNAP.ConfEditor.Controls.csproj", "{ABADAA93-F450-4158-87A7-862914C056FA}"
EndProject
Global
	GlobalSection(SolutionConfigurationPlatforms) = preSolution
		Debug|Any CPU = Debug|Any CPU
		Debug|Mixed Platforms = Debug|Mixed Platforms
		Debug|Win32 = Debug|Win32
		Optimized Debug|Any CPU = Optimized Debug|Any CPU
		Optimized Debug|Mixed Platforms = Optimized Debug|Mixed Platforms
		Optimized Debug|Win32 = Optimized Debug|Win32
		Release|Any CPU = Release|Any CPU
		Release|Mixed Platforms = Release|Mixed Platforms
		Release|Win32 = Release|Win32
	EndGlobalSection
	GlobalSection(ProjectConfigurationPlatforms) = postSolution
		{A9E58B03-3A1B-4F52-9BC8-2376A2D6CAF5}.Debug|Any CPU.ActiveCfg = Debug|Win32
		{A9E58B03-3A1B-4F52-9BC8-2376A2D6CAF5}.Debug|Mixed Platforms.ActiveCfg = Debug|Win32
		{A9E58B03-3A1B-4F52-9BC8-2376A2D6CAF5}.Debug|Mixed Platforms.Build.0 = Debug|Win32
		{A9E58B03-3A1B-4F52-9BC8-2376A2D6CAF5}.Debug|Win32.ActiveCfg = Debug|Win32
		{A9E58B03-3A1B-4F52-9BC8-2376A2D6CAF5}.Debug|Win32.Build.0 = Debug|Win32
		{A9E58B03-3A1B-4F52-9BC8-2376A2D6CAF5}.Optimized Debug|Any CPU.ActiveCfg = Optimized Debug|Win32
		{A9E58B03-3A1B-4F52-9BC8-2376A2D6CAF5}.Optimized Debug|Mixed Platforms.ActiveCfg = Optimized Debug|Win32
		{A9E58B03-3A1B-4F52-9BC8-2376A2D6CAF5}.Optimized Debug|Mixed Platforms.Build.0 = Optimized Debug|Win32
		{A9E58B03-3A1B-4F52-9BC8-2376A2D6CAF5}.Optimized Debug|Win32.ActiveCfg = Optimized Debug|Win32
		{A9E58B03-3A1B-4F52-9BC8-2376A2D6CAF5}.Optimized Debug|Win32.Build.0 = Optimized Debug|Win32
		{A9E58B03-3A1B-4F52-9BC8-2376A2D6CAF5}.Release|Any CPU.ActiveCfg = Release|Win32
		{A9E58B03-3A1B-4F52-9BC8-2376A2D6CAF5}.Release|Mixed Platforms.ActiveCfg = Release|Win32
		{A9E58B03-3A1B-4F52-9BC8-2376A2D6CAF5}.Release|Mixed Platforms.Build.0 = Release|Win32
		{A9E58B03-3A1B-4F52-9BC8-2376A2D6CAF5}.Release|Win32.ActiveCfg = Release|Win32
		{A9E58B03-3A1B-4F52-9BC8-2376A2D6CAF5}.Release|Win32.Build.0 = Release|Win32
		{16C4D29E-6206-48AF-AE0E-E413B563CE75}.Debug|Any CPU.ActiveCfg = Debug|Win32
		{16C4D29E-6206-48AF-AE0E-E413B563CE75}.Debug|Mixed Platforms.ActiveCfg = Debug|Win32
		{16C4D29E-6206-48AF-AE0E-E413B563CE75}.Debug|Mixed Platforms.Build.0 = Debug|Win32
		{16C4D29E-6206-48AF-AE0E-E413B563CE75}.Debug|Win32.ActiveCfg = Debug|Win32
		{16C4D29E-6206-48AF-AE0E-E413B563CE75}.Debug|Win32.Build.0 = Debug|Win32
		{16C4D29E-6206-48AF-AE0E-E413B563CE75}.Optimized Debug|Any CPU.ActiveCfg = Optimized Debug|Win32
		{16C4D29E-6206-48AF-AE0E-E413B563CE75}.Optimized Debug|Mixed Platforms.ActiveCfg = Optimized Debug|Win32
		{16C4D29E-6206-48AF-AE0E-E413B563CE75}.Optimized Debug|Mixed Platforms.Build.0 = Optimized Debug|Win32
		{16C4D29E-6206-48AF-AE0E-E413B563CE75}.Optimized Debug|Win32.ActiveCfg = Optimized Debug|Win32
		{16C4D29E-6206-48AF-AE0E-E413B563CE75}.Optimized Debug|Win32.Build.0 = Optimized Debug|Win32
		{16C4D29E-6206-48AF-AE0E-E413B563CE75}.Release|Any CPU.ActiveCfg = Release|Win32
		{16C4D29E-6206-48AF-AE0E-E413B563CE75}.Release|Mixed Platforms.ActiveCfg = Release|Win32
		{16C4D29E-6206-48AF-AE0E-E413B563CE75}.Release|Mixed Platforms.Build.0 = Release|Win32
		{16C4D29E-6206-48AF-AE0E-E413B563CE75}.Release|Win32.ActiveCfg = Release|Win32
		{16C4D29E-6206-48AF-AE0E-E413B563CE75}.Release|Win32.Build.0 = Release|Win32
		{3071C567-8503-473B-A530-6D93E43B1809}.Debug|Any CPU.ActiveCfg = Debug|Win32
		{3071C567-8503-473B-A530-6D93E43B1809}.Debug|Mixed Platforms.ActiveCfg = Debug|Win32
		{3071C567-8503-473B-A530-6D93E43B1809}.Debug|Mixed Platforms.Build.0 = Debug|Win32
		{3071C567-8503-473B-A530-6D93E43B1809}.Debug|Win32.ActiveCfg = Debug|Win32
		{3071C567-8503-473B-A530-6D93E43B1809}.Debug|Win32.Build.0 = Debug|Win32
		{3071C567-8503-473B-A530-6D93E43B1809}.Optimized Debug|Any CPU.ActiveCfg = Optimized Debug|Win32
		{3071C567-8503-473B-A530-6D93E43B1809}.Optimized Debug|Mixed Platforms.ActiveCfg = Optimized Debug|Win32
		{3071C567-8503-473B-A530-6D93E43B1809}.Optimized Debug|Mixed Platforms.Build.0 = Optimized Debug|Win32
		{3071C567-8503-473B-A530-6D93E43B1809}.Optimized Debug|Win32.ActiveCfg = Optimized Debug|Win32
		{3071C567-8503-473B-A530-6D93E43B1809}.Optimized Debug|Win32.Build.0 = Optimized Debug|Win32
		{3071C567-8503-473B-A530-6D93E43B1809}.Release|Any CPU.ActiveCfg = Release|Win32
		{3071C567-8503-473B-A530-6D93E43B1809}.Release|Mixed Platforms.ActiveCfg = Release|Win32
		{3071C567-8503-473B-A530-6D93E43B1809}.Release|Mixed Platforms.Build.0 = Release|Win32
		{3071C567-8503-473B-A530-6D93E43B1809}.Release|Win32.ActiveCfg = Release|Win32
		{3071C567-8503-473B-A530-6D93E43B1809}.Release|Win32.Build.0 = Release|Win32
		{80D22A42-7429-4BA2-8136-0AF6FADBEB11}.Debug|Any CPU.ActiveCfg = Debug|Win32
		{80D22A42-7429-4BA2-8136-0AF6FADBEB11}.Debug|Mixed Platforms.ActiveCfg = Debug|Win32
		{80D22A42-7429-4BA2-8136-0AF6FADBEB11}.Debug|Mixed Platforms.Build.0 = Debug|Win32
		{80D22A42-7429-4BA2-8136-0AF6FADBEB11}.Debug|Win32.ActiveCfg = Debug|Win32
		{80D22A42-7429-4BA2-8136-0AF6FADBEB11}.Debug|Win32.Build.0 = Debug|Win32
		{80D22A42-7429-4BA2-8136-0AF6FADBEB11}.Optimized Debug|Any CPU.ActiveCfg = Optimized Debug|Win32
		{80D22A42-7429-4BA2-8136-0AF6FADBEB11}.Optimized Debug|Mixed Platforms.ActiveCfg = Optimized Debug|Win32
		{80D22A42-7429-4BA2-8136-0AF6FADBEB11}.Optimized Debug|Mixed Platforms.Build.0 = Optimized Debug|Win32
		{80D22A42-7429-4BA2-8136-0AF6FADBEB11}.Optimized Debug|Win32.ActiveCfg = Optimized Debug|Win32
		{80D22A42-7429-4BA2-8136-0AF6FADBEB11}.Optimized Debug|Win32.Build.0 = Optimized Debug|Win32
		{80D22A42-7429-4BA2-8136-0AF6FADBEB11}.Release|Any CPU.ActiveCfg = Release|Win32
		{80D22A42-7429-4BA2-8136-0AF6FADBEB11}.Release|Mixed Platforms.ActiveCfg = Release|Win32
		{80D22A42-7429-4BA2-8136-0AF6FADBEB11}.Release|Mixed Platforms.Build.0 = Release|Win32
		{80D22A42-7429-4BA2-8136-0AF6FADBEB11}.Release|Win32.ActiveCfg = Release|Win32
		{80D22A42-7429-4BA2-8136-0AF6FADBEB11}.Release|Win32.Build.0 = Release|Win32
		{E9BDC8BD-E4FD-4CD2-B855-9C997E13DEB5}.Debug|Any CPU.ActiveCfg = Debug|Win32
		{E9BDC8BD-E4FD-4CD2-B855-9C997E13DEB5}.Debug|Mixed Platforms.ActiveCfg = Debug|Win32
		{E9BDC8BD-E4FD-4CD2-B855-9C997E13DEB5}.Debug|Mixed Platforms.Build.0 = Debug|Win32
		{E9BDC8BD-E4FD-4CD2-B855-9C997E13DEB5}.Debug|Win32.ActiveCfg = Debug|Win32
		{E9BDC8BD-E4FD-4CD2-B855-9C997E13DEB5}.Debug|Win32.Build.0 = Debug|Win32
		{E9BDC8BD-E4FD-4CD2-B855-9C997E13DEB5}.Optimized Debug|Any CPU.ActiveCfg = Optimized Debug|Win32
		{E9BDC8BD-E4FD-4CD2-B855-9C997E13DEB5}.Optimized Debug|Mixed Platforms.ActiveCfg = Optimized Debug|Win32
		{E9BDC8BD-E4FD-4CD2-B855-9C997E13DEB5}.Optimized Debug|Mixed Platforms.Build.0 = Optimized Debug|Win32
		{E9BDC8BD-E4FD-4CD2-B855-9C997E13DEB5}.Optimized Debug|Win32.ActiveCfg = Optimized Debug|Win32
		{E9BDC8BD-E4FD-4CD2-B855-9C997E13DEB5}.Optimized Debug|Win32.Build.0 = Optimized Debug|Win32
		{E9BDC8BD-E4FD-4CD2-B855-9C997E13DEB5}.Release|Any CPU.ActiveCfg = Release|Win32
		{E9BDC8BD-E4FD-4CD2-B855-9C997E13DEB5}.Release|Mixed Platforms.ActiveCfg = Release|Win32
		{E9BDC8BD-E4FD-4CD2-B855-9C997E13DEB5}.Release|Mixed Platforms.Build.0 = Release|Win32
		{E9BDC8BD-E4FD-4CD2-B855-9C997E13DEB5}.Release|Win32.ActiveCfg = Release|Win32
		{E9BDC8BD-E4FD-4CD2-B855-9C997E13DEB5}.Release|Win32.Build.0 = Release|Win32
		{A37E3B59-8BA4-4B6E-BB3B-EC0CCF9F1150}.Debug|Any CPU.ActiveCfg = Debug|Any CPU
		{A37E3B59-8BA4-4B6E-BB3B-EC0CCF9F1150}.Debug|Any CPU.Build.0 = Debug|Any CPU
		{A37E3B59-8BA4-4B6E-BB3B-EC0CCF9F1150}.Debug|Mixed Platforms.ActiveCfg = Debug|Any CPU
		{A37E3B59-8BA4-4B6E-BB3B-EC0CCF9F1150}.Debug|Mixed Platforms.Build.0 = Debug|Any CPU
		{A37E3B59-8BA4-4B6E-BB3B-EC0CCF9F1150}.Debug|Win32.ActiveCfg = Debug|Any CPU
		{A37E3B59-8BA4-4B6E-BB3B-EC0CCF9F1150}.Optimized Debug|Any CPU.ActiveCfg = Debug|Any CPU
		{A37E3B59-8BA4-4B6E-BB3B-EC0CCF9F1150}.Optimized Debug|Any CPU.Build.0 = Debug|Any CPU
		{A37E3B59-8BA4-4B6E-BB3B-EC0CCF9F1150}.Optimized Debug|Mixed Platforms.ActiveCfg = Debug|Any CPU
		{A37E3B59-8BA4-4B6E-BB3B-EC0CCF9F1150}.Optimized Debug|Mixed Platforms.Build.0 = Debug|Any CPU
		{A37E3B59-8BA4-4B6E-BB3B-EC0CCF9F1150}.Optimized Debug|Win32.ActiveCfg = Debug|Any CPU
		{A37E3B59-8BA4-4B6E-BB3B-EC0CCF9F1150}.Release|Any CPU.ActiveCfg = Release|Any CPU
		{A37E3B59-8BA4-4B6E-BB3B-EC0CCF9F1150}.Release|Any CPU.Build.0 = Release|Any CPU
		{A37E3B59-8BA4-4B6E-BB3B-EC0CCF9F1150}.Release|Mixed Platforms.ActiveCfg = Release|Any CPU
		{A37E3B59-8BA4-4B6E-BB3B-EC0CCF9F1150}.Release|Mixed Platforms.Build.0 = Release|Any CPU
		{A37E3B59-8BA4-4B6E-BB3B-EC0CCF9F1150}.Release|Win32.ActiveCfg = Release|Any CPU
		{F6A52450-297C-40BE-90F7-C7B12AF9ACF4}.Debug|Any CPU.ActiveCfg = Debug|Any CPU
		{F6A52450-297C-40BE-90F7-C7B12AF9ACF4}.Debug|Any CPU.Build.0 = Debug|Any CPU
		{F6A52450-297C-40BE-90F7-C7B12AF9ACF4}.Debug|Mixed Platforms.ActiveCfg = Debug|Any CPU
		{F6A52450-297C-40BE-90F7-C7B12AF9ACF4}.Debug|Mixed Platforms.Build.0 = Debug|Any CPU
		{F6A52450-297C-40BE-90F7-C7B12AF9ACF4}.Debug|Win32.ActiveCfg = Debug|Any CPU
		{F6A52450-297C-40BE-90F7-C7B12AF9ACF4}.Optimized Debug|Any CPU.ActiveCfg = Debug|Any CPU
		{F6A52450-297C-40BE-90F7-C7B12AF9ACF4}.Optimized Debug|Any CPU.Build.0 = Debug|Any CPU
		{F6A52450-297C-40BE-90F7-C7B12AF9ACF4}.Optimized Debug|Mixed Platforms.ActiveCfg = Debug|Any CPU
		{F6A52450-297C-40BE-90F7-C7B12AF9ACF4}.Optimized Debug|Mixed Platforms.Build.0 = Debug|Any CPU
		{F6A52450-297C-40BE-90F7-C7B12AF9ACF4}.Optimized Debug|Win32.ActiveCfg = Debug|Any CPU
		{F6A52450-297C-40BE-90F7-C7B12AF9ACF4}.Release|Any CPU.ActiveCfg = Release|Any CPU
		{F6A52450-297C-40BE-90F7-C7B12AF9ACF4}.Release|Any CPU.Build.0 = Release|Any CPU
		{F6A52450-297C-40BE-90F7-C7B12AF9ACF4}.Release|Mixed Platforms.ActiveCfg = Release|Any CPU
		{F6A52450-297C-40BE-90F7-C7B12AF9ACF4}.Release|Mixed Platforms.Build.0 = Release|Any CPU
		{F6A52450-297C-40BE-90F7-C7B12AF9ACF4}.Release|Win32.ActiveCfg = Release|Any CPU
		{574B2476-968D-4A85-BC84-B0A18591B0BC}.Debug|Any CPU.ActiveCfg = Debug|Any CPU
		{574B2476-968D-4A85-BC84-B0A18591B0BC}.Debug|Any CPU.Build.0 = Debug|Any CPU
		{574B2476-968D-4A85-BC84-B0A18591B0BC}.Debug|Mixed Platforms.ActiveCfg = Debug|Any CPU
		{574B2476-968D-4A85-BC84-B0A18591B0BC}.Debug|Mixed Platforms.Build.0 = Debug|Any CPU
		{574B2476-968D-4A85-BC84-B0A18591B0BC}.Debug|Win32.ActiveCfg = Debug|Any CPU
		{574B2476-968D-4A85-BC84-B0A18591B0BC}.Optimized Debug|Any CPU.ActiveCfg = Debug|Any CPU
		{574B2476-968D-4A85-BC84-B0A18591B0BC}.Optimized Debug|Any CPU.Build.0 = Debug|Any CPU
		{574B2476-968D-4A85-BC84-B0A18591B0BC}.Optimized Debug|Mixed Platforms.ActiveCfg = Debug|Any CPU
		{574B2476-968D-4A85-BC84-B0A18591B0BC}.Optimized Debug|Mixed Platforms.Build.0 = Debug|Any CPU
		{574B2476-968D-4A85-BC84-B0A18591B0BC}.Optimized Debug|Win32.ActiveCfg = Debug|Any CPU
		{574B2476-968D-4A85-BC84-B0A18591B0BC}.Release|Any CPU.ActiveCfg = Release|Any CPU
		{574B2476-968D-4A85-BC84-B0A18591B0BC}.Release|Any CPU.Build.0 = Release|Any CPU
		{574B2476-968D-4A85-BC84-B0A18591B0BC}.Release|Mixed Platforms.ActiveCfg = Release|Any CPU
		{574B2476-968D-4A85-BC84-B0A18591B0BC}.Release|Mixed Platforms.Build.0 = Release|Any CPU
		{574B2476-968D-4A85-BC84-B0A18591B0BC}.Release|Win32.ActiveCfg = Release|Any CPU
		{E60FDC1B-CC56-43F8-9517-C7FB77F42F0A}.Debug|Any CPU.ActiveCfg = Debug|Any CPU
		{E60FDC1B-CC56-43F8-9517-C7FB77F42F0A}.Debug|Any CPU.Build.0 = Debug|Any CPU
		{E60FDC1B-CC56-43F8-9517-C7FB77F42F0A}.Debug|Mixed Platforms.ActiveCfg = Debug|Any CPU
		{E60FDC1B-CC56-43F8-9517-C7FB77F42F0A}.Debug|Mixed Platforms.Build.0 = Debug|Any CPU
		{E60FDC1B-CC56-43F8-9517-C7FB77F42F0A}.Debug|Win32.ActiveCfg = Debug|Any CPU
		{E60FDC1B-CC56-43F8-9517-C7FB77F42F0A}.Optimized Debug|Any CPU.ActiveCfg = Debug|Any CPU
		{E60FDC1B-CC56-43F8-9517-C7FB77F42F0A}.Optimized Debug|Any CPU.Build.0 = Debug|Any CPU
		{E60FDC1B-CC56-43F8-9517-C7FB77F42F0A}.Optimized Debug|Mixed Platforms.ActiveCfg = Debug|Any CPU
		{E60FDC1B-CC56-43F8-9517-C7FB77F42F0A}.Optimized Debug|Mixed Platforms.Build.0 = Debug|Any CPU
		{E60FDC1B-CC56-43F8-9517-C7FB77F42F0A}.Optimized Debug|Win32.ActiveCfg = Debug|Any CPU
		{E60FDC1B-CC56-43F8-9517-C7FB77F42F0A}.Release|Any CPU.ActiveCfg = Release|Any CPU
		{E60FDC1B-CC56-43F8-9517-C7FB77F42F0A}.Release|Any CPU.Build.0 = Release|Any CPU
		{E60FDC1B-CC56-43F8-9517-C7FB77F42F0A}.Release|Mixed Platforms.ActiveCfg = Release|Any CPU
		{E60FDC1B-CC56-43F8-9517-C7FB77F42F0A}.Release|Mixed Platforms.Build.0 = Release|Any CPU
		{E60FDC1B-CC56-43F8-9517-C7FB77F42F0A}.Release|Win32.ActiveCfg = Release|Any CPU
		{281B31C5-D8D5-4B9D-B6A4-6B2A5B769A16}.Debug|Any CPU.ActiveCfg = Debug|Win32
		{281B31C5-D8D5-4B9D-B6A4-6B2A5B769A16}.Debug|Mixed Platforms.ActiveCfg = Debug|Win32
		{281B31C5-D8D5-4B9D-B6A4-6B2A5B769A16}.Debug|Mixed Platforms.Build.0 = Debug|Win32
		{281B31C5-D8D5-4B9D-B6A4-6B2A5B769A16}.Debug|Win32.ActiveCfg = Debug|Win32
		{281B31C5-D8D5-4B9D-B6A4-6B2A5B769A16}.Debug|Win32.Build.0 = Debug|Win32
		{281B31C5-D8D5-4B9D-B6A4-6B2A5B769A16}.Optimized Debug|Any CPU.ActiveCfg = Debug|Win32
		{281B31C5-D8D5-4B9D-B6A4-6B2A5B769A16}.Optimized Debug|Mixed Platforms.ActiveCfg = Debug|Win32
		{281B31C5-D8D5-4B9D-B6A4-6B2A5B769A16}.Optimized Debug|Mixed Platforms.Build.0 = Debug|Win32
		{281B31C5-D8D5-4B9D-B6A4-6B2A5B769A16}.Optimized Debug|Win32.ActiveCfg = Debug|Win32
		{281B31C5-D8D5-4B9D-B6A4-6B2A5B769A16}.Optimized Debug|Win32.Build.0 = Debug|Win32
		{281B31C5-D8D5-4B9D-B6A4-6B2A5B769A16}.Release|Any CPU.ActiveCfg = Release|Win32
		{281B31C5-D8D5-4B9D-B6A4-6B2A5B769A16}.Release|Mixed Platforms.ActiveCfg = Release|Win32
		{281B31C5-D8D5-4B9D-B6A4-6B2A5B769A16}.Release|Mixed Platforms.Build.0 = Release|Win32
		{281B31C5-D8D5-4B9D-B6A4-6B2A5B769A16}.Release|Win32.ActiveCfg = Release|Win32
		{281B31C5-D8D5-4B9D-B6A4-6B2A5B769A16}.Release|Win32.Build.0 = Release|Win32
		{00616E92-3691-4A53-A7AF-58E81890E7F6}.Debug|Any CPU.ActiveCfg = Debug|Any CPU
		{00616E92-3691-4A53-A7AF-58E81890E7F6}.Debug|Any CPU.Build.0 = Debug|Any CPU
		{00616E92-3691-4A53-A7AF-58E81890E7F6}.Debug|Mixed Platforms.ActiveCfg = Debug|Any CPU
		{00616E92-3691-4A53-A7AF-58E81890E7F6}.Debug|Mixed Platforms.Build.0 = Debug|Any CPU
		{00616E92-3691-4A53-A7AF-58E81890E7F6}.Debug|Win32.ActiveCfg = Debug|Any CPU
		{00616E92-3691-4A53-A7AF-58E81890E7F6}.Optimized Debug|Any CPU.ActiveCfg = Debug|Any CPU
		{00616E92-3691-4A53-A7AF-58E81890E7F6}.Optimized Debug|Any CPU.Build.0 = Debug|Any CPU
		{00616E92-3691-4A53-A7AF-58E81890E7F6}.Optimized Debug|Mixed Platforms.ActiveCfg = Debug|Any CPU
		{00616E92-3691-4A53-A7AF-58E81890E7F6}.Optimized Debug|Mixed Platforms.Build.0 = Debug|Any CPU
		{00616E92-3691-4A53-A7AF-58E81890E7F6}.Optimized Debug|Win32.ActiveCfg = Debug|Any CPU
		{00616E92-3691-4A53-A7AF-58E81890E7F6}.Release|Any CPU.ActiveCfg = Release|Any CPU
		{00616E92-3691-4A53-A7AF-58E81890E7F6}.Release|Any CPU.Build.0 = Release|Any CPU
		{00616E92-3691-4A53-A7AF-58E81890E7F6}.Release|Mixed Platforms.ActiveCfg = Release|Any CPU
		{00616E92-3691-4A53-A7AF-58E81890E7F6}.Release|Mixed Platforms.Build.0 = Release|Any CPU
		{00616E92-3691-4A53-A7AF-58E81890E7F6}.Release|Win32.ActiveCfg = Release|Any CPU
		{ABADAA93-F450-4158-87A7-862914C056FA}.Debug|Any CPU.ActiveCfg = Debug|Any CPU
		{ABADAA93-F450-4158-87A7-862914C056FA}.Debug|Any CPU.Build.0 = Debug|Any CPU
		{ABADAA93-F450-4158-87A7-862914C056FA}.Debug|Mixed Platforms.ActiveCfg = Debug|Any CPU
		{ABADAA93-F450-4158-87A7-862914C056FA}.Debug|Mixed Platforms.Build.0 = Debug|Any CPU
		{ABADAA93-F450-4158-87A7-862914C056FA}.Debug|Win32.ActiveCfg = Debug|Any CPU
		{ABADAA93-F450-4158-87A7-862914C056FA}.Optimized Debug|Any CPU.ActiveCfg = Debug|Any CPU
		{ABADAA93-F450-4158-87A7-862914C056FA}.Optimized Debug|Any CPU.Build.0 = Debug|Any CPU
		{ABADAA93-F450-4158-87A7-862914C056FA}.Optimized Debug|Mixed Platforms.ActiveCfg = Debug|Any CPU
		{ABADAA93-F450-4158-87A7-862914C056FA}.Optimized Debug|Mixed Platforms.Build.0 = Debug|Any CPU
		{ABADAA93-F450-4158-87A7-862914C056FA}.Optimized Debug|Win32.ActiveCfg = Debug|Any CPU
		{ABADAA93-F450-4158-87A7-862914C056FA}.Release|Any CPU.ActiveCfg = Release|Any CPU
		{ABADAA93-F450-4158-87A7-862914C056FA}.Release|Any CPU.Build.0 = Release|Any CPU
		{ABADAA93-F450-4158-87A7-862914C056FA}.Release|Mixed Platforms.ActiveCfg = Release|Any CPU
		{ABADAA93-F450-4158-87A7-862914C056FA}.Release|Mixed Platforms.Build.0 = Release|Any CPU
		{ABADAA93-F450-4158-87A7-862914C056FA}.Release|Win32.ActiveCfg = Release|Any CPU
	EndGlobalSection
	GlobalSection(SolutionProperties) = preSolution
		HideSolutionNode = FALSE
	EndGlobalSection
	GlobalSection(NestedProjects) = preSolution
		{16C4D29E-6206-48AF-AE0E-E413B563CE75} = {350E10F6-E400-4EC8-9A53-37445B35B29A}
		{3071C567-8503-473B-A530-6D93E43B1809} = {350E10F6-E400-4EC8-9A53-37445B35B29A}
		{80D22A42-7429-4BA2-8136-0AF6FADBEB11} = {350E10F6-E400-4EC8-9A53-37445B35B29A}
		{E9BDC8BD-E4FD-4CD2-B855-9C997E13DEB5} = {350E10F6-E400-4EC8-9A53-37445B35B29A}
		{A9E58B03-3A1B-4F52-9BC8-2376A2D6CAF5} = {350E10F6-E400-4EC8-9A53-37445B35B29A}
	EndGlobalSection
EndGlobal
